
Microsoft Visual Studio Solution File, Format Version 12.00
# Visual Studio Version 16
VisualStudioVersion = 16.0.29215.179
MinimumVisualStudioVersion = 10.0.40219.1
Project("{8BC9CEB8-8B4A-11D0-8D11-00A0C91BC942}") = "ArrayListType", "ArrayListType\ArrayListType.vcxproj", "{0D9726E4-4BCA-41A5-B811-C2A1D82529AC}"
EndProject
Global
	GlobalSection(SolutionConfigurationPlatforms) = preSolution
		Debug|x64 = Debug|x64
		Debug|x86 = Debug|x86
		Release|x64 = Release|x64
		Release|x86 = Release|x86
	EndGlobalSection
	GlobalSection(ProjectConfigurationPlatforms) = postSolution
		{0D9726E4-4BCA-41A5-B811-C2A1D82529AC}.Debug|x64.ActiveCfg = Debug|x64
		{0D9726E4-4BCA-41A5-B811-C2A1D82529AC}.Debug|x64.Build.0 = Debug|x64
		{0D9726E4-4BCA-41A5-B811-C2A1D82529AC}.Debug|x86.ActiveCfg = Debug|Win32
		{0D9726E4-4BCA-41A5-B811-C2A1D82529AC}.Debug|x86.Build.0 = Debug|Win32
		{0D9726E4-4BCA-41A5-B811-C2A1D82529AC}.Release|x64.ActiveCfg = Release|x64
		{0D9726E4-4BCA-41A5-B811-C2A1D82529AC}.Release|x64.Build.0 = Release|x64
		{0D9726E4-4BCA-41A5-B811-C2A1D82529AC}.Release|x86.ActiveCfg = Release|Win32
		{0D9726E4-4BCA-41A5-B811-C2A1D82529AC}.Release|x86.Build.0 = Release|Win32
	EndGlobalSection
	GlobalSection(SolutionProperties) = preSolution
		HideSolutionNode = FALSE
	EndGlobalSection
	GlobalSection(ExtensibilityGlobals) = postSolution
		SolutionGuid = {C95A8ED2-D1E3-46D1-9A45-FF8FCE98D762}
	EndGlobalSection
EndGlobal
